{
  "name": "normalizacion",
  "version": "1.0.0",
  "lockfileVersion": 2,
  "requires": true,
  "packages": {
    "": {
      "name": "normalizacion",
      "version": "1.0.0",
      "license": "ISC",
      "dependencies": {
        "normalizr": "3.6.2"
      }
    },
    "node_modules/normalizr": {
      "version": "3.6.2",
      "resolved": "https://registry.npmjs.org/normalizr/-/normalizr-3.6.2.tgz",
      "integrity": "sha512-30qCybsBaCBciotorvuOZTCGEg2AXrJfADMT2Kk/lvpIAcipHdK0zc33nNtwKzyfQAqIJXAcqET6YgflYUgsoQ=="
    }
  },
  "dependencies": {
    "normalizr": {
      "version": "3.6.2",
      "resolved": "https://registry.npmjs.org/normalizr/-/normalizr-3.6.2.tgz",
      "integrity": "sha512-30qCybsBaCBciotorvuOZTCGEg2AXrJfADMT2Kk/lvpIAcipHdK0zc33nNtwKzyfQAqIJXAcqET6YgflYUgsoQ=="
    }
  }
}
